
Microsoft Visual Studio Solution File, Format Version 12.00
# Visual Studio Version 16
VisualStudioVersion = 16.0.32106.194
MinimumVisualStudioVersion = 10.0.40219.1
Project("{FAE04EC0-301F-11D3-BF4B-00C04F79EFBC}") = "Array", "Array.csproj", "{507F480F-EB8E-4823-B406-C9F7D44CC00C}"
EndProject
Global
	GlobalSection(SolutionConfigurationPlatforms) = preSolution
		Debug|Any CPU = Debug|Any CPU
		Release|Any CPU = Release|Any CPU
	EndGlobalSection
	GlobalSection(ProjectConfigurationPlatforms) = postSolution
		{507F480F-EB8E-4823-B406-C9F7D44CC00C}.Debug|Any CPU.ActiveCfg = Debug|Any CPU
		{507F480F-EB8E-4823-B406-C9F7D44CC00C}.Debug|Any CPU.Build.0 = Debug|Any CPU
		{507F480F-EB8E-4823-B406-C9F7D44CC00C}.Release|Any CPU.ActiveCfg = Release|Any CPU
		{507F480F-EB8E-4823-B406-C9F7D44CC00C}.Release|Any CPU.Build.0 = Release|Any CPU
	EndGlobalSection
	GlobalSection(SolutionProperties) = preSolution
		HideSolutionNode = FALSE
	EndGlobalSection
	GlobalSection(ExtensibilityGlobals) = postSolution
		SolutionGuid = {403D8E3C-2AA2-42F8-8FC2-66B1526D1C74}
	EndGlobalSection
EndGlobal
